# This file is automatically @generated by Cargo.
# It is not intended for manual editing.
version = 3

[[package]]
name = "example_module"
version = "0.1.0"
dependencies = [
 "napi-sys",
]

[[package]]
name = "napi-sys"
version = "2.1.0"
source = "registry+https://github.com/rust-lang/crates.io-index"
checksum = "8a385494dac3c52cbcacb393bb3b42669e7db8ab240c7ad5115f549eb061f2cc"
