# THIS IS AN AUTOGENERATED FILE. DO NOT EDIT THIS FILE DIRECTLY.
# yarn lockfile v1


detect-libc@^1.0.3:
  version "1.0.3"
  resolved "https://registry.yarnpkg.com/detect-libc/-/detect-libc-1.0.3.tgz#fa137c4bd698edf55cd5cd02ac559f91a4c4ba9b"
  integrity sha1-+hN8S9aY7fVc1c0CrFWfkaTEups=

dprint-node@^1.0.5:
  version "1.0.5"
  resolved "https://registry.yarnpkg.com/dprint-node/-/dprint-node-1.0.5.tgz#f658a1545ab86261df3eb2bb69274ff253ababeb"
  integrity sha512-IQVkYK8KAwonHjEpQZ/YCxmLMhUBKMUKnh5L1glgPz/s9H3mRk6owWzecbuvBkHd1+40mfL7n5olpCgY884QEQ==
  dependencies:
    detect-libc "^1.0.3"
